<?xml version="1.0" encoding="utf-8"?>
<Project ToolsVersion="17.0" xmlns="http://schemas.microsoft.com/developer/msbuild/2003">
  <ItemGroup>
    <ClCompile Include="C:\wrk\duckdb-oracle\odpi\src\dpiConn.c">
      <Filter>Source Files</Filter>
    </ClCompile>
    <ClCompile Include="C:\wrk\duckdb-oracle\odpi\src\dpiContext.c">
      <Filter>Source Files</Filter>
    </ClCompile>
    <ClCompile Include="C:\wrk\duckdb-oracle\odpi\src\dpiData.c">
      <Filter>Source Files</Filter>
    </ClCompile>
    <ClCompile Include="C:\wrk\duckdb-oracle\odpi\src\dpiDebug.c">
      <Filter>Source Files</Filter>
    </ClCompile>
    <ClCompile Include="C:\wrk\duckdb-oracle\odpi\src\dpiDeqOptions.c">
      <Filter>Source Files</Filter>
    </ClCompile>
    <ClCompile Include="C:\wrk\duckdb-oracle\odpi\src\dpiEnqOptions.c">
      <Filter>Source Files</Filter>
    </ClCompile>
    <ClCompile Include="C:\wrk\duckdb-oracle\odpi\src\dpiEnv.c">
      <Filter>Source Files</Filter>
    </ClCompile>
    <ClCompile Include="C:\wrk\duckdb-oracle\odpi\src\dpiError.c">
      <Filter>Source Files</Filter>
    </ClCompile>
    <ClCompile Include="C:\wrk\duckdb-oracle\odpi\src\dpiGen.c">
      <Filter>Source Files</Filter>
    </ClCompile>
    <ClCompile Include="C:\wrk\duckdb-oracle\odpi\src\dpiGlobal.c">
      <Filter>Source Files</Filter>
    </ClCompile>
    <ClCompile Include="C:\wrk\duckdb-oracle\odpi\src\dpiHandleList.c">
      <Filter>Source Files</Filter>
    </ClCompile>
    <ClCompile Include="C:\wrk\duckdb-oracle\odpi\src\dpiHandlePool.c">
      <Filter>Source Files</Filter>
    </ClCompile>
    <ClCompile Include="C:\wrk\duckdb-oracle\odpi\src\dpiJson.c">
      <Filter>Source Files</Filter>
    </ClCompile>
    <ClCompile Include="C:\wrk\duckdb-oracle\odpi\src\dpiLob.c">
      <Filter>Source Files</Filter>
    </ClCompile>
    <ClCompile Include="C:\wrk\duckdb-oracle\odpi\src\dpiMsgProps.c">
      <Filter>Source Files</Filter>
    </ClCompile>
    <ClCompile Include="C:\wrk\duckdb-oracle\odpi\src\dpiObject.c">
      <Filter>Source Files</Filter>
    </ClCompile>
    <ClCompile Include="C:\wrk\duckdb-oracle\odpi\src\dpiObjectAttr.c">
      <Filter>Source Files</Filter>
    </ClCompile>
    <ClCompile Include="C:\wrk\duckdb-oracle\odpi\src\dpiObjectType.c">
      <Filter>Source Files</Filter>
    </ClCompile>
    <ClCompile Include="C:\wrk\duckdb-oracle\odpi\src\dpiOci.c">
      <Filter>Source Files</Filter>
    </ClCompile>
    <ClCompile Include="C:\wrk\duckdb-oracle\odpi\src\dpiOracleType.c">
      <Filter>Source Files</Filter>
    </ClCompile>
    <ClCompile Include="C:\wrk\duckdb-oracle\odpi\src\dpiPool.c">
      <Filter>Source Files</Filter>
    </ClCompile>
    <ClCompile Include="C:\wrk\duckdb-oracle\odpi\src\dpiQueue.c">
      <Filter>Source Files</Filter>
    </ClCompile>
    <ClCompile Include="C:\wrk\duckdb-oracle\odpi\src\dpiRowid.c">
      <Filter>Source Files</Filter>
    </ClCompile>
    <ClCompile Include="C:\wrk\duckdb-oracle\odpi\src\dpiSodaColl.c">
      <Filter>Source Files</Filter>
    </ClCompile>
    <ClCompile Include="C:\wrk\duckdb-oracle\odpi\src\dpiSodaCollCursor.c">
      <Filter>Source Files</Filter>
    </ClCompile>
    <ClCompile Include="C:\wrk\duckdb-oracle\odpi\src\dpiSodaDb.c">
      <Filter>Source Files</Filter>
    </ClCompile>
    <ClCompile Include="C:\wrk\duckdb-oracle\odpi\src\dpiSodaDoc.c">
      <Filter>Source Files</Filter>
    </ClCompile>
    <ClCompile Include="C:\wrk\duckdb-oracle\odpi\src\dpiSodaDocCursor.c">
      <Filter>Source Files</Filter>
    </ClCompile>
    <ClCompile Include="C:\wrk\duckdb-oracle\odpi\src\dpiStmt.c">
      <Filter>Source Files</Filter>
    </ClCompile>
    <ClCompile Include="C:\wrk\duckdb-oracle\odpi\src\dpiStringList.c">
      <Filter>Source Files</Filter>
    </ClCompile>
    <ClCompile Include="C:\wrk\duckdb-oracle\odpi\src\dpiSubscr.c">
      <Filter>Source Files</Filter>
    </ClCompile>
    <ClCompile Include="C:\wrk\duckdb-oracle\odpi\src\dpiUtils.c">
      <Filter>Source Files</Filter>
    </ClCompile>
    <ClCompile Include="C:\wrk\duckdb-oracle\odpi\src\dpiVar.c">
      <Filter>Source Files</Filter>
    </ClCompile>
    <ClCompile Include="C:\wrk\duckdb-oracle\odpi\src\dpiVector.c">
      <Filter>Source Files</Filter>
    </ClCompile>
  </ItemGroup>
  <ItemGroup>
    <CustomBuild Include="C:\wrk\duckdb-oracle\CMakeLists.txt" />
  </ItemGroup>
  <ItemGroup>
    <Object Include="C:\wrk\duckdb-oracle-build\extension\oracle_scanner\src\storage\oracle_storage_library.dir\$(Configuration)\oracle_catalog.obj">
      <Filter>Object Libraries</Filter>
    </Object>
    <Object Include="C:\wrk\duckdb-oracle-build\extension\oracle_scanner\src\storage\oracle_storage_library.dir\$(Configuration)\oracle_catalog_set.obj">
      <Filter>Object Libraries</Filter>
    </Object>
    <Object Include="C:\wrk\duckdb-oracle-build\extension\oracle_scanner\src\storage\oracle_storage_library.dir\$(Configuration)\oracle_clear_cache.obj">
      <Filter>Object Libraries</Filter>
    </Object>
    <Object Include="C:\wrk\duckdb-oracle-build\extension\oracle_scanner\src\storage\oracle_storage_library.dir\$(Configuration)\oracle_connection_pool.obj">
      <Filter>Object Libraries</Filter>
    </Object>
    <Object Include="C:\wrk\duckdb-oracle-build\extension\oracle_scanner\src\storage\oracle_storage_library.dir\$(Configuration)\oracle_delete.obj">
      <Filter>Object Libraries</Filter>
    </Object>
    <Object Include="C:\wrk\duckdb-oracle-build\extension\oracle_scanner\src\storage\oracle_storage_library.dir\$(Configuration)\oracle_index.obj">
      <Filter>Object Libraries</Filter>
    </Object>
    <Object Include="C:\wrk\duckdb-oracle-build\extension\oracle_scanner\src\storage\oracle_storage_library.dir\$(Configuration)\oracle_index_entry.obj">
      <Filter>Object Libraries</Filter>
    </Object>
    <Object Include="C:\wrk\duckdb-oracle-build\extension\oracle_scanner\src\storage\oracle_storage_library.dir\$(Configuration)\oracle_index_set.obj">
      <Filter>Object Libraries</Filter>
    </Object>
    <Object Include="C:\wrk\duckdb-oracle-build\extension\oracle_scanner\src\storage\oracle_storage_library.dir\$(Configuration)\oracle_insert.obj">
      <Filter>Object Libraries</Filter>
    </Object>
    <Object Include="C:\wrk\duckdb-oracle-build\extension\oracle_scanner\src\storage\oracle_storage_library.dir\$(Configuration)\oracle_merge_into.obj">
      <Filter>Object Libraries</Filter>
    </Object>
    <Object Include="C:\wrk\duckdb-oracle-build\extension\oracle_scanner\src\storage\oracle_storage_library.dir\$(Configuration)\oracle_optimizer.obj">
      <Filter>Object Libraries</Filter>
    </Object>
    <Object Include="C:\wrk\duckdb-oracle-build\extension\oracle_scanner\src\storage\oracle_storage_library.dir\$(Configuration)\oracle_schema_entry.obj">
      <Filter>Object Libraries</Filter>
    </Object>
    <Object Include="C:\wrk\duckdb-oracle-build\extension\oracle_scanner\src\storage\oracle_storage_library.dir\$(Configuration)\oracle_schema_set.obj">
      <Filter>Object Libraries</Filter>
    </Object>
    <Object Include="C:\wrk\duckdb-oracle-build\extension\oracle_scanner\src\storage\oracle_storage_library.dir\$(Configuration)\oracle_table_entry.obj">
      <Filter>Object Libraries</Filter>
    </Object>
    <Object Include="C:\wrk\duckdb-oracle-build\extension\oracle_scanner\src\storage\oracle_storage_library.dir\$(Configuration)\oracle_table_set.obj">
      <Filter>Object Libraries</Filter>
    </Object>
    <Object Include="C:\wrk\duckdb-oracle-build\extension\oracle_scanner\src\storage\oracle_storage_library.dir\$(Configuration)\oracle_transaction.obj">
      <Filter>Object Libraries</Filter>
    </Object>
    <Object Include="C:\wrk\duckdb-oracle-build\extension\oracle_scanner\src\storage\oracle_storage_library.dir\$(Configuration)\oracle_transaction_manager.obj">
      <Filter>Object Libraries</Filter>
    </Object>
    <Object Include="C:\wrk\duckdb-oracle-build\extension\oracle_scanner\src\storage\oracle_storage_library.dir\$(Configuration)\oracle_type_entry.obj">
      <Filter>Object Libraries</Filter>
    </Object>
    <Object Include="C:\wrk\duckdb-oracle-build\extension\oracle_scanner\src\storage\oracle_storage_library.dir\$(Configuration)\oracle_type_set.obj">
      <Filter>Object Libraries</Filter>
    </Object>
    <Object Include="C:\wrk\duckdb-oracle-build\extension\oracle_scanner\src\storage\oracle_storage_library.dir\$(Configuration)\oracle_update.obj">
      <Filter>Object Libraries</Filter>
    </Object>
    <Object Include="C:\wrk\duckdb-oracle-build\extension\oracle_scanner\src\oracle_ext_library.dir\$(Configuration)\oracle_attach.obj">
      <Filter>Object Libraries</Filter>
    </Object>
    <Object Include="C:\wrk\duckdb-oracle-build\extension\oracle_scanner\src\oracle_ext_library.dir\$(Configuration)\oracle_connection.obj">
      <Filter>Object Libraries</Filter>
    </Object>
    <Object Include="C:\wrk\duckdb-oracle-build\extension\oracle_scanner\src\oracle_ext_library.dir\$(Configuration)\oracle_conversion.obj">
      <Filter>Object Libraries</Filter>
    </Object>
    <Object Include="C:\wrk\duckdb-oracle-build\extension\oracle_scanner\src\oracle_ext_library.dir\$(Configuration)\oracle_execute.obj">
      <Filter>Object Libraries</Filter>
    </Object>
    <Object Include="C:\wrk\duckdb-oracle-build\extension\oracle_scanner\src\oracle_ext_library.dir\$(Configuration)\oracle_extension.obj">
      <Filter>Object Libraries</Filter>
    </Object>
    <Object Include="C:\wrk\duckdb-oracle-build\extension\oracle_scanner\src\oracle_ext_library.dir\$(Configuration)\oracle_filter_pushdown.obj">
      <Filter>Object Libraries</Filter>
    </Object>
    <Object Include="C:\wrk\duckdb-oracle-build\extension\oracle_scanner\src\oracle_ext_library.dir\$(Configuration)\oracle_logging.obj">
      <Filter>Object Libraries</Filter>
    </Object>
    <Object Include="C:\wrk\duckdb-oracle-build\extension\oracle_scanner\src\oracle_ext_library.dir\$(Configuration)\oracle_query.obj">
      <Filter>Object Libraries</Filter>
    </Object>
    <Object Include="C:\wrk\duckdb-oracle-build\extension\oracle_scanner\src\oracle_ext_library.dir\$(Configuration)\oracle_scanner.obj">
      <Filter>Object Libraries</Filter>
    </Object>
    <Object Include="C:\wrk\duckdb-oracle-build\extension\oracle_scanner\src\oracle_ext_library.dir\$(Configuration)\oracle_storage.obj">
      <Filter>Object Libraries</Filter>
    </Object>
    <Object Include="C:\wrk\duckdb-oracle-build\extension\oracle_scanner\src\oracle_ext_library.dir\$(Configuration)\oracle_utils.obj">
      <Filter>Object Libraries</Filter>
    </Object>
  </ItemGroup>
  <ItemGroup>
    <Filter Include="Object Libraries">
      <UniqueIdentifier>{0701778F-A993-37C7-8689-4ECFB0905E79}</UniqueIdentifier>
    </Filter>
    <Filter Include="Source Files">
      <UniqueIdentifier>{DF94D036-9E06-3A9F-8BBA-ABC9A322EF37}</UniqueIdentifier>
    </Filter>
  </ItemGroup>
</Project>
