<?xml version="1.0" encoding="utf-8"?>
<Project ToolsVersion="17.0" xmlns="http://schemas.microsoft.com/developer/msbuild/2003">
  <ItemGroup>
    <CustomBuild Include="C:\wrk\duckdb-oracle-build\CMakeFiles\91698debea193afde8a6a6a5fd13608e\INSTALL_force.rule">
      <Filter>CMake Rules</Filter>
    </CustomBuild>
  </ItemGroup>
  <ItemGroup>
    <Filter Include="CMake Rules">
      <UniqueIdentifier>{71199E07-C760-3CDB-A0F2-75B58F61A38D}</UniqueIdentifier>
    </Filter>
  </ItemGroup>
</Project>
