<?xml version="1.0" encoding="utf-8"?>
<Project ToolsVersion="17.0" xmlns="http://schemas.microsoft.com/developer/msbuild/2003">
  <ItemGroup>
    <ClCompile Include="C:\wrk\duckdb-oracle\src\storage\oracle_catalog.cpp">
      <Filter>Source Files</Filter>
    </ClCompile>
    <ClCompile Include="C:\wrk\duckdb-oracle\src\storage\oracle_catalog_set.cpp">
      <Filter>Source Files</Filter>
    </ClCompile>
    <ClCompile Include="C:\wrk\duckdb-oracle\src\storage\oracle_clear_cache.cpp">
      <Filter>Source Files</Filter>
    </ClCompile>
    <ClCompile Include="C:\wrk\duckdb-oracle\src\storage\oracle_connection_pool.cpp">
      <Filter>Source Files</Filter>
    </ClCompile>
    <ClCompile Include="C:\wrk\duckdb-oracle\src\storage\oracle_delete.cpp">
      <Filter>Source Files</Filter>
    </ClCompile>
    <ClCompile Include="C:\wrk\duckdb-oracle\src\storage\oracle_index.cpp">
      <Filter>Source Files</Filter>
    </ClCompile>
    <ClCompile Include="C:\wrk\duckdb-oracle\src\storage\oracle_index_entry.cpp">
      <Filter>Source Files</Filter>
    </ClCompile>
    <ClCompile Include="C:\wrk\duckdb-oracle\src\storage\oracle_index_set.cpp">
      <Filter>Source Files</Filter>
    </ClCompile>
    <ClCompile Include="C:\wrk\duckdb-oracle\src\storage\oracle_insert.cpp">
      <Filter>Source Files</Filter>
    </ClCompile>
    <ClCompile Include="C:\wrk\duckdb-oracle\src\storage\oracle_merge_into.cpp">
      <Filter>Source Files</Filter>
    </ClCompile>
    <ClCompile Include="C:\wrk\duckdb-oracle\src\storage\oracle_optimizer.cpp">
      <Filter>Source Files</Filter>
    </ClCompile>
    <ClCompile Include="C:\wrk\duckdb-oracle\src\storage\oracle_schema_entry.cpp">
      <Filter>Source Files</Filter>
    </ClCompile>
    <ClCompile Include="C:\wrk\duckdb-oracle\src\storage\oracle_schema_set.cpp">
      <Filter>Source Files</Filter>
    </ClCompile>
    <ClCompile Include="C:\wrk\duckdb-oracle\src\storage\oracle_table_entry.cpp">
      <Filter>Source Files</Filter>
    </ClCompile>
    <ClCompile Include="C:\wrk\duckdb-oracle\src\storage\oracle_table_set.cpp">
      <Filter>Source Files</Filter>
    </ClCompile>
    <ClCompile Include="C:\wrk\duckdb-oracle\src\storage\oracle_transaction.cpp">
      <Filter>Source Files</Filter>
    </ClCompile>
    <ClCompile Include="C:\wrk\duckdb-oracle\src\storage\oracle_transaction_manager.cpp">
      <Filter>Source Files</Filter>
    </ClCompile>
    <ClCompile Include="C:\wrk\duckdb-oracle\src\storage\oracle_type_entry.cpp">
      <Filter>Source Files</Filter>
    </ClCompile>
    <ClCompile Include="C:\wrk\duckdb-oracle\src\storage\oracle_type_set.cpp">
      <Filter>Source Files</Filter>
    </ClCompile>
    <ClCompile Include="C:\wrk\duckdb-oracle\src\storage\oracle_update.cpp">
      <Filter>Source Files</Filter>
    </ClCompile>
  </ItemGroup>
  <ItemGroup>
    <CustomBuild Include="C:\wrk\duckdb-oracle\src\storage\CMakeLists.txt" />
  </ItemGroup>
  <ItemGroup>
    <Filter Include="Source Files">
      <UniqueIdentifier>{DF94D036-9E06-3A9F-8BBA-ABC9A322EF37}</UniqueIdentifier>
    </Filter>
  </ItemGroup>
</Project>
